
Microsoft Visual Studio Solution File, Format Version 12.00
# Visual Studio Version 17
VisualStudioVersion = 17.4.33213.308
MinimumVisualStudioVersion = 10.0.40219.1
Project("{FAE04EC0-301F-11D3-BF4B-00C04F79EFBC}") = "TimeManagerPortalReact", "TimeManagerPortalReact.csproj", "{FF4B6BA2-42A8-490E-B2B1-99579BDBEE25}"
EndProject
Global
	GlobalSection(SolutionConfigurationPlatforms) = preSolution
		Debug|Any CPU = Debug|Any CPU
		Release|Any CPU = Release|Any CPU
	EndGlobalSection
	GlobalSection(ProjectConfigurationPlatforms) = postSolution
		{FF4B6BA2-42A8-490E-B2B1-99579BDBEE25}.Debug|Any CPU.ActiveCfg = Debug|Any CPU
		{FF4B6BA2-42A8-490E-B2B1-99579BDBEE25}.Debug|Any CPU.Build.0 = Debug|Any CPU
		{FF4B6BA2-42A8-490E-B2B1-99579BDBEE25}.Release|Any CPU.ActiveCfg = Release|Any CPU
		{FF4B6BA2-42A8-490E-B2B1-99579BDBEE25}.Release|Any CPU.Build.0 = Release|Any CPU
	EndGlobalSection
	GlobalSection(SolutionProperties) = preSolution
		HideSolutionNode = FALSE
	EndGlobalSection
	GlobalSection(ExtensibilityGlobals) = postSolution
		SolutionGuid = {566AB38E-F4E5-45A4-B6E8-52150B484639}
	EndGlobalSection
EndGlobal
